// !$*UTF8*$!
{
	archiveVersion = 1;
	classes = {
	};
	objectVersion = 46;
	objects = {

/* Begin PBXBuildFile section */
		BDF9DBCD1E345E9F00D621BD /* main.m in Sources */ = {isa = PBXBuildFile; fileRef = BDF9DBCC1E345E9F00D621BD /* main.m */; };
		BDF9DBD01E345E9F00D621BD /* AppDelegate.m in Sources */ = {isa = PBXBuildFile; fileRef = BDF9DBCF1E345E9F00D621BD /* AppDelegate.m */; };
		BDF9DBD31E345E9F00D621BD /* ViewController.m in Sources */ = {isa = PBXBuildFile; fileRef = BDF9DBD21E345E9F00D621BD /* ViewController.m */; };
		BDF9DBD61E345E9F00D621BD /* Main.storyboard in Resources */ = {isa = PBXBuildFile; fileRef = BDF9DBD41E345E9F00D621BD /* Main.storyboard */; };
		BDF9DBD81E345E9F00D621BD /* Assets.xcassets in Resources */ = {isa = PBXBuildFile; fileRef = BDF9DBD71E345E9F00D621BD /* Assets.xcassets */; };
		BDF9DBDB1E345E9F00D621BD /* LaunchScreen.storyboard in Resources */ = {isa = PBXBuildFile; fileRef = BDF9DBD91E345E9F00D621BD /* LaunchScreen.storyboard */; };
		BDF9DBE61E345EA000D621BD /* ____Tests.m in Sources */ = {isa = PBXBuildFile; fileRef = BDF9DBE51E345EA000D621BD /* ____Tests.m */; };
		BDF9DBF11E345EA000D621BD /* ____UITests.m in Sources */ = {isa = PBXBuildFile; fileRef = BDF9DBF01E345EA000D621BD /* ____UITests.m */; };
/* End PBXBuildFile section */

/* Begin PBXContainerItemProxy section */
		BDF9DBE21E345EA000D621BD /* PBXContainerItemProxy */ = {
			isa = PBXContainerItemProxy;
			containerPortal = BDF9DBC01E345E9F00D621BD /* Project object */;
			proxyType = 1;
			remoteGlobalIDString = BDF9DBC71E345E9F00D621BD;
			remoteInfo = "屏幕截取";
		};
		BDF9DBED1E345EA000D621BD /* PBXContainerItemProxy */ = {
			isa = PBXContainerItemProxy;
			containerPortal = BDF9DBC01E345E9F00D621BD /* Project object */;
			proxyType = 1;
			remoteGlobalIDString = BDF9DBC71E345E9F00D621BD;
			remoteInfo = "屏幕截取";
		};
/* End PBXContainerItemProxy section */

/* Begin PBXFileReference section */
		BDF9DBC81E345E9F00D621BD /* 屏幕截取.app */ = {isa = PBXFileReference; explicitFileType = wrapper.application; includeInIndex = 0; path = "屏幕截取.app"; sourceTree = BUILT_PRODUCTS_DIR; };
		BDF9DBCC1E345E9F00D621BD /* main.m */ = {isa = PBXFileReference; lastKnownFileType = sourcecode.c.objc; path = main.m; sourceTree = "<group>"; };
		BDF9DBCE1E345E9F00D621BD /* AppDelegate.h */ = {isa = PBXFileReference; lastKnownFileType = sourcecode.c.h; path = AppDelegate.h; sourceTree = "<group>"; };
		BDF9DBCF1E345E9F00D621BD /* AppDelegate.m */ = {isa = PBXFileReference; lastKnownFileType = sourcecode.c.objc; path = AppDelegate.m; sourceTree = "<group>"; };
		BDF9DBD11E345E9F00D621BD /* ViewController.h */ = {isa = PBXFileReference; lastKnownFileType = sourcecode.c.h; path = ViewController.h; sourceTree = "<group>"; };
		BDF9DBD21E345E9F00D621BD /* ViewController.m */ = {isa = PBXFileReference; lastKnownFileType = sourcecode.c.objc; path = ViewController.m; sourceTree = "<group>"; };
		BDF9DBD51E345E9F00D621BD /* Base */ = {isa = PBXFileReference; lastKnownFileType = file.storyboard; name = Base; path = Base.lproj/Main.storyboard; sourceTree = "<group>"; };
		BDF9DBD71E345E9F00D621BD /* Assets.xcassets */ = {isa = PBXFileReference; lastKnownFileType = folder.assetcatalog; path = Assets.xcassets; sourceTree = "<group>"; };
		BDF9DBDA1E345E9F00D621BD /* Base */ = {isa = PBXFileReference; lastKnownFileType = file.storyboard; name = Base; path = Base.lproj/LaunchScreen.storyboard; sourceTree = "<group>"; };
		BDF9DBDC1E345E9F00D621BD /* Info.plist */ = {isa = PBXFileReference; lastKnownFileType = text.plist.xml; path = Info.plist; sourceTree = "<group>"; };
		BDF9DBE11E345EA000D621BD /* 屏幕截取Tests.xctest */ = {isa = PBXFileReference; explicitFileType = wrapper.cfbundle; includeInIndex = 0; path = "屏幕截取Tests.xctest"; sourceTree = BUILT_PRODUCTS_DIR; };
		BDF9DBE51E345EA000D621BD /* ____Tests.m */ = {isa = PBXFileReference; lastKnownFileType = sourcecode.c.objc; path = "____Tests.m"; sourceTree = "<group>"; };
		BDF9DBE71E345EA000D621BD /* Info.plist */ = {isa = PBXFileReference; lastKnownFileType = text.plist.xml; path = Info.plist; sourceTree = "<group>"; };
		BDF9DBEC1E345EA000D621BD /* 屏幕截取UITests.xctest */ = {isa = PBXFileReference; explicitFileType = wrapper.cfbundle; includeInIndex = 0; path = "屏幕截取UITests.xctest"; sourceTree = BUILT_PRODUCTS_DIR; };
		BDF9DBF01E345EA000D621BD /* ____UITests.m */ = {isa = PBXFileReference; lastKnownFileType = sourcecode.c.objc; path = "____UITests.m"; sourceTree = "<group>"; };
		BDF9DBF21E345EA000D621BD /* Info.plist */ = {isa = PBXFileReference; lastKnownFileType = text.plist.xml; path = Info.plist; sourceTree = "<group>"; };
/* End PBXFileReference section */

/* Begin PBXFrameworksBuildPhase section */
		BDF9DBC51E345E9F00D621BD /* Frameworks */ = {
			isa = PBXFrameworksBuildPhase;
			buildActionMask = 2147483647;
			files = (
			);
			runOnlyForDeploymentPostprocessing = 0;
		};
		BDF9DBDE1E345EA000D621BD /* Frameworks */ = {
			isa = PBXFrameworksBuildPhase;
			buildActionMask = 2147483647;
			files = (
			);
			runOnlyForDeploymentPostprocessing = 0;
		};
		BDF9DBE91E345EA000D621BD /* Frameworks */ = {
			isa = PBXFrameworksBuildPhase;
			buildActionMask = 2147483647;
			files = (
			);
			runOnlyForDeploymentPostprocessing = 0;
		};
/* End PBXFrameworksBuildPhase section */

/* Begin PBXGroup section */
		BDF9DBBF1E345E9F00D621BD = {
			isa = PBXGroup;
			children = (
				BDF9DBCA1E345E9F00D621BD /* 屏幕截取 */,
				BDF9DBE41E345EA000D621BD /* 屏幕截取Tests */,
				BDF9DBEF1E345EA000D621BD /* 屏幕截取UITests */,
				BDF9DBC91E345E9F00D621BD /* Products */,
			);
			sourceTree = "<group>";
		};
		BDF9DBC91E345E9F00D621BD /* Products */ = {
			isa = PBXGroup;
			children = (
				BDF9DBC81E345E9F00D621BD /* 屏幕截取.app */,
				BDF9DBE11E345EA000D621BD /* 屏幕截取Tests.xctest */,
				BDF9DBEC1E345EA000D621BD /* 屏幕截取UITests.xctest */,
			);
			name = Products;
			sourceTree = "<group>";
		};
		BDF9DBCA1E345E9F00D621BD /* 屏幕截取 */ = {
			isa = PBXGroup;
			children = (
				BDF9DBCE1E345E9F00D621BD /* AppDelegate.h */,
				BDF9DBCF1E345E9F00D621BD /* AppDelegate.m */,
				BDF9DBD11E345E9F00D621BD /* ViewController.h */,
				BDF9DBD21E345E9F00D621BD /* ViewController.m */,
				BDF9DBD41E345E9F00D621BD /* Main.storyboard */,
				BDF9DBD71E345E9F00D621BD /* Assets.xcassets */,
				BDF9DBD91E345E9F00D621BD /* LaunchScreen.storyboard */,
				BDF9DBDC1E345E9F00D621BD /* Info.plist */,
				BDF9DBCB1E345E9F00D621BD /* Supporting Files */,
			);
			path = "屏幕截取";
			sourceTree = "<group>";
		};
		BDF9DBCB1E345E9F00D621BD /* Supporting Files */ = {
			isa = PBXGroup;
			children = (
				BDF9DBCC1E345E9F00D621BD /* main.m */,
			);
			name = "Supporting Files";
			sourceTree = "<group>";
		};
		BDF9DBE41E345EA000D621BD /* 屏幕截取Tests */ = {
			isa = PBXGroup;
			children = (
				BDF9DBE51E345EA000D621BD /* ____Tests.m */,
				BDF9DBE71E345EA000D621BD /* Info.plist */,
			);
			path = "屏幕截取Tests";
			sourceTree = "<group>";
		};
		BDF9DBEF1E345EA000D621BD /* 屏幕截取UITests */ = {
			isa = PBXGroup;
			children = (
				BDF9DBF01E345EA000D621BD /* ____UITests.m */,
				BDF9DBF21E345EA000D621BD /* Info.plist */,
			);
			path = "屏幕截取UITests";
			sourceTree = "<group>";
		};
/* End PBXGroup section */

/* Begin PBXNativeTarget section */
		BDF9DBC71E345E9F00D621BD /* 屏幕截取 */ = {
			isa = PBXNativeTarget;
			buildConfigurationList = BDF9DBF51E345EA000D621BD /* Build configuration list for PBXNativeTarget "屏幕截取" */;
			buildPhases = (
				BDF9DBC41E345E9F00D621BD /* Sources */,
				BDF9DBC51E345E9F00D621BD /* Frameworks */,
				BDF9DBC61E345E9F00D621BD /* Resources */,
			);
			buildRules = (
			);
			dependencies = (
			);
			name = "屏幕截取";
			productName = "屏幕截取";
			productReference = BDF9DBC81E345E9F00D621BD /* 屏幕截取.app */;
			productType = "com.apple.product-type.application";
		};
		BDF9DBE01E345EA000D621BD /* 屏幕截取Tests */ = {
			isa = PBXNativeTarget;
			buildConfigurationList = BDF9DBF81E345EA000D621BD /* Build configuration list for PBXNativeTarget "屏幕截取Tests" */;
			buildPhases = (
				BDF9DBDD1E345EA000D621BD /* Sources */,
				BDF9DBDE1E345EA000D621BD /* Frameworks */,
				BDF9DBDF1E345EA000D621BD /* Resources */,
			);
			buildRules = (
			);
			dependencies = (
				BDF9DBE31E345EA000D621BD /* PBXTargetDependency */,
			);
			name = "屏幕截取Tests";
			productName = "屏幕截取Tests";
			productReference = BDF9DBE11E345EA000D621BD /* 屏幕截取Tests.xctest */;
			productType = "com.apple.product-type.bundle.unit-test";
		};
		BDF9DBEB1E345EA000D621BD /* 屏幕截取UITests */ = {
			isa = PBXNativeTarget;
			buildConfigurationList = BDF9DBFB1E345EA000D621BD /* Build configuration list for PBXNativeTarget "屏幕截取UITests" */;
			buildPhases = (
				BDF9DBE81E345EA000D621BD /* Sources */,
				BDF9DBE91E345EA000D621BD /* Frameworks */,
				BDF9DBEA1E345EA000D621BD /* Resources */,
			);
			buildRules = (
			);
			dependencies = (
				BDF9DBEE1E345EA000D621BD /* PBXTargetDependency */,
			);
			name = "屏幕截取UITests";
			productName = "屏幕截取UITests";
			productReference = BDF9DBEC1E345EA000D621BD /* 屏幕截取UITests.xctest */;
			productType = "com.apple.product-type.bundle.ui-testing";
		};
/* End PBXNativeTarget section */

/* Begin PBXProject section */
		BDF9DBC01E345E9F00D621BD /* Project object */ = {
			isa = PBXProject;
			attributes = {
				LastUpgradeCheck = 0820;
				ORGANIZATIONNAME = "上海均衡";
				TargetAttributes = {
					BDF9DBC71E345E9F00D621BD = {
						CreatedOnToolsVersion = 8.2;
						ProvisioningStyle = Automatic;
					};
					BDF9DBE01E345EA000D621BD = {
						CreatedOnToolsVersion = 8.2;
						ProvisioningStyle = Automatic;
						TestTargetID = BDF9DBC71E345E9F00D621BD;
					};
					BDF9DBEB1E345EA000D621BD = {
						CreatedOnToolsVersion = 8.2;
						ProvisioningStyle = Automatic;
						TestTargetID = BDF9DBC71E345E9F00D621BD;
					};
				};
			};
			buildConfigurationList = BDF9DBC31E345E9F00D621BD /* Build configuration list for PBXProject "屏幕截取" */;
			compatibilityVersion = "Xcode 3.2";
			developmentRegion = English;
			hasScannedForEncodings = 0;
			knownRegions = (
				en,
				Base,
			);
			mainGroup = BDF9DBBF1E345E9F00D621BD;
			productRefGroup = BDF9DBC91E345E9F00D621BD /* Products */;
			projectDirPath = "";
			projectRoot = "";
			targets = (
				BDF9DBC71E345E9F00D621BD /* 屏幕截取 */,
				BDF9DBE01E345EA000D621BD /* 屏幕截取Tests */,
				BDF9DBEB1E345EA000D621BD /* 屏幕截取UITests */,
			);
		};
/* End PBXProject section */

/* Begin PBXResourcesBuildPhase section */
		BDF9DBC61E345E9F00D621BD /* Resources */ = {
			isa = PBXResourcesBuildPhase;
			buildActionMask = 2147483647;
			files = (
				BDF9DBDB1E345E9F00D621BD /* LaunchScreen.storyboard in Resources */,
				BDF9DBD81E345E9F00D621BD /* Assets.xcassets in Resources */,
				BDF9DBD61E345E9F00D621BD /* Main.storyboard in Resources */,
			);
			runOnlyForDeploymentPostprocessing = 0;
		};
		BDF9DBDF1E345EA000D621BD /* Resources */ = {
			isa = PBXResourcesBuildPhase;
			buildActionMask = 2147483647;
			files = (
			);
			runOnlyForDeploymentPostprocessing = 0;
		};
		BDF9DBEA1E345EA000D621BD /* Resources */ = {
			isa = PBXResourcesBuildPhase;
			buildActionMask = 2147483647;
			files = (
			);
			runOnlyForDeploymentPostprocessing = 0;
		};
/* End PBXResourcesBuildPhase section */

/* Begin PBXSourcesBuildPhase section */
		BDF9DBC41E345E9F00D621BD /* Sources */ = {
			isa = PBXSourcesBuildPhase;
			buildActionMask = 2147483647;
			files = (
				BDF9DBD31E345E9F00D621BD /* ViewController.m in Sources */,
				BDF9DBD01E345E9F00D621BD /* AppDelegate.m in Sources */,
				BDF9DBCD1E345E9F00D621BD /* main.m in Sources */,
			);
			runOnlyForDeploymentPostprocessing = 0;
		};
		BDF9DBDD1E345EA000D621BD /* Sources */ = {
			isa = PBXSourcesBuildPhase;
			buildActionMask = 2147483647;
			files = (
				BDF9DBE61E345EA000D621BD /* ____Tests.m in Sources */,
			);
			runOnlyForDeploymentPostprocessing = 0;
		};
		BDF9DBE81E345EA000D621BD /* Sources */ = {
			isa = PBXSourcesBuildPhase;
			buildActionMask = 2147483647;
			files = (
				BDF9DBF11E345EA000D621BD /* ____UITests.m in Sources */,
			);
			runOnlyForDeploymentPostprocessing = 0;
		};
/* End PBXSourcesBuildPhase section */

/* Begin PBXTargetDependency section */
		BDF9DBE31E345EA000D621BD /* PBXTargetDependency */ = {
			isa = PBXTargetDependency;
			target = BDF9DBC71E345E9F00D621BD /* 屏幕截取 */;
			targetProxy = BDF9DBE21E345EA000D621BD /* PBXContainerItemProxy */;
		};
		BDF9DBEE1E345EA000D621BD /* PBXTargetDependency */ = {
			isa = PBXTargetDependency;
			target = BDF9DBC71E345E9F00D621BD /* 屏幕截取 */;
			targetProxy = BDF9DBED1E345EA000D621BD /* PBXContainerItemProxy */;
		};
/* End PBXTargetDependency section */

/* Begin PBXVariantGroup section */
		BDF9DBD41E345E9F00D621BD /* Main.storyboard */ = {
			isa = PBXVariantGroup;
			children = (
				BDF9DBD51E345E9F00D621BD /* Base */,
			);
			name = Main.storyboard;
			sourceTree = "<group>";
		};
		BDF9DBD91E345E9F00D621BD /* LaunchScreen.storyboard */ = {
			isa = PBXVariantGroup;
			children = (
				BDF9DBDA1E345E9F00D621BD /* Base */,
			);
			name = LaunchScreen.storyboard;
			sourceTree = "<group>";
		};
/* End PBXVariantGroup section */

/* Begin XCBuildConfiguration section */
		BDF9DBF31E345EA000D621BD /* Debug */ = {
			isa = XCBuildConfiguration;
			buildSettings = {
				ALWAYS_SEARCH_USER_PATHS = NO;
				CLANG_ANALYZER_NONNULL = YES;
				CLANG_CXX_LANGUAGE_STANDARD = "gnu++0x";
				CLANG_CXX_LIBRARY = "libc++";
				CLANG_ENABLE_MODULES = YES;
				CLANG_ENABLE_OBJC_ARC = YES;
				CLANG_WARN_BOOL_CONVERSION = YES;
				CLANG_WARN_CONSTANT_CONVERSION = YES;
				CLANG_WARN_DIRECT_OBJC_ISA_USAGE = YES_ERROR;
				CLANG_WARN_DOCUMENTATION_COMMENTS = YES;
				CLANG_WARN_EMPTY_BODY = YES;
				CLANG_WARN_ENUM_CONVERSION = YES;
				CLANG_WARN_INFINITE_RECURSION = YES;
				CLANG_WARN_INT_CONVERSION = YES;
				CLANG_WARN_OBJC_ROOT_CLASS = YES_ERROR;
				CLANG_WARN_SUSPICIOUS_MOVE = YES;
				CLANG_WARN_UNREACHABLE_CODE = YES;
				CLANG_WARN__DUPLICATE_METHOD_MATCH = YES;
				"CODE_SIGN_IDENTITY[sdk=iphoneos*]" = "iPhone Developer";
				COPY_PHASE_STRIP = NO;
				DEBUG_INFORMATION_FORMAT = dwarf;
				ENABLE_STRICT_OBJC_MSGSEND = YES;
				ENABLE_TESTABILITY = YES;
				GCC_C_LANGUAGE_STANDARD = gnu99;
				GCC_DYNAMIC_NO_PIC = NO;
				GCC_NO_COMMON_BLOCKS = YES;
				GCC_OPTIMIZATION_LEVEL = 0;
				GCC_PREPROCESSOR_DEFINITIONS = (
					"DEBUG=1",
					"$(inherited)",
				);
				GCC_WARN_64_TO_32_BIT_CONVERSION = YES;
				GCC_WARN_ABOUT_RETURN_TYPE = YES_ERROR;
				GCC_WARN_UNDECLARED_SELECTOR = YES;
				GCC_WARN_UNINITIALIZED_AUTOS = YES_AGGRESSIVE;
				GCC_WARN_UNUSED_FUNCTION = YES;
				GCC_WARN_UNUSED_VARIABLE = YES;
				IPHONEOS_DEPLOYMENT_TARGET = 10.2;
				MTL_ENABLE_DEBUG_INFO = YES;
				ONLY_ACTIVE_ARCH = YES;
				SDKROOT = iphoneos;
				TARGETED_DEVICE_FAMILY = "1,2";
			};
			name = Debug;
		};
		BDF9DBF41E345EA000D621BD /* Release */ = {
			isa = XCBuildConfiguration;
			buildSettings = {
				ALWAYS_SEARCH_USER_PATHS = NO;
				CLANG_ANALYZER_NONNULL = YES;
				CLANG_CXX_LANGUAGE_STANDARD = "gnu++0x";
				CLANG_CXX_LIBRARY = "libc++";
				CLANG_ENABLE_MODULES = YES;
				CLANG_ENABLE_OBJC_ARC = YES;
				CLANG_WARN_BOOL_CONVERSION = YES;
				CLANG_WARN_CONSTANT_CONVERSION = YES;
				CLANG_WARN_DIRECT_OBJC_ISA_USAGE = YES_ERROR;
				CLANG_WARN_DOCUMENTATION_COMMENTS = YES;
				CLANG_WARN_EMPTY_BODY = YES;
				CLANG_WARN_ENUM_CONVERSION = YES;
				CLANG_WARN_INFINITE_RECURSION = YES;
				CLANG_WARN_INT_CONVERSION = YES;
				CLANG_WARN_OBJC_ROOT_CLASS = YES_ERROR;
				CLANG_WARN_SUSPICIOUS_MOVE = YES;
				CLANG_WARN_UNREACHABLE_CODE = YES;
				CLANG_WARN__DUPLICATE_METHOD_MATCH = YES;
				"CODE_SIGN_IDENTITY[sdk=iphoneos*]" = "iPhone Developer";
				COPY_PHASE_STRIP = NO;
				DEBUG_INFORMATION_FORMAT = "dwarf-with-dsym";
				ENABLE_NS_ASSERTIONS = NO;
				ENABLE_STRICT_OBJC_MSGSEND = YES;
				GCC_C_LANGUAGE_STANDARD = gnu99;
				GCC_NO_COMMON_BLOCKS = YES;
				GCC_WARN_64_TO_32_BIT_CONVERSION = YES;
				GCC_WARN_ABOUT_RETURN_TYPE = YES_ERROR;
				GCC_WARN_UNDECLARED_SELECTOR = YES;
				GCC_WARN_UNINITIALIZED_AUTOS = YES_AGGRESSIVE;
				GCC_WARN_UNUSED_FUNCTION = YES;
				GCC_WARN_UNUSED_VARIABLE = YES;
				IPHONEOS_DEPLOYMENT_TARGET = 10.2;
				MTL_ENABLE_DEBUG_INFO = NO;
				SDKROOT = iphoneos;
				TARGETED_DEVICE_FAMILY = "1,2";
				VALIDATE_PRODUCT = YES;
			};
			name = Release;
		};
		BDF9DBF61E345EA000D621BD /* Debug */ = {
			isa = XCBuildConfiguration;
			buildSettings = {
				ASSETCATALOG_COMPILER_APPICON_NAME = AppIcon;
				INFOPLIST_FILE = "屏幕截取/Info.plist";
				LD_RUNPATH_SEARCH_PATHS = "$(inherited) @executable_path/Frameworks";
				PRODUCT_BUNDLE_IDENTIFIER = "----.----";
				PRODUCT_NAME = "$(TARGET_NAME)";
			};
			name = Debug;
		};
		BDF9DBF71E345EA000D621BD /* Release */ = {
			isa = XCBuildConfiguration;
			buildSettings = {
				ASSETCATALOG_COMPILER_APPICON_NAME = AppIcon;
				INFOPLIST_FILE = "屏幕截取/Info.plist";
				LD_RUNPATH_SEARCH_PATHS = "$(inherited) @executable_path/Frameworks";
				PRODUCT_BUNDLE_IDENTIFIER = "----.----";
				PRODUCT_NAME = "$(TARGET_NAME)";
			};
			name = Release;
		};
		BDF9DBF91E345EA000D621BD /* Debug */ = {
			isa = XCBuildConfiguration;
			buildSettings = {
				BUNDLE_LOADER = "$(TEST_HOST)";
				INFOPLIST_FILE = "屏幕截取Tests/Info.plist";
				LD_RUNPATH_SEARCH_PATHS = "$(inherited) @executable_path/Frameworks @loader_path/Frameworks";
				PRODUCT_BUNDLE_IDENTIFIER = "----.----Tests";
				PRODUCT_NAME = "$(TARGET_NAME)";
				TEST_HOST = "$(BUILT_PRODUCTS_DIR)/屏幕截取.app/屏幕截取";
			};
			name = Debug;
		};
		BDF9DBFA1E345EA000D621BD /* Release */ = {
			isa = XCBuildConfiguration;
			buildSettings = {
				BUNDLE_LOADER = "$(TEST_HOST)";
				INFOPLIST_FILE = "屏幕截取Tests/Info.plist";
				LD_RUNPATH_SEARCH_PATHS = "$(inherited) @executable_path/Frameworks @loader_path/Frameworks";
				PRODUCT_BUNDLE_IDENTIFIER = "----.----Tests";
				PRODUCT_NAME = "$(TARGET_NAME)";
				TEST_HOST = "$(BUILT_PRODUCTS_DIR)/屏幕截取.app/屏幕截取";
			};
			name = Release;
		};
		BDF9DBFC1E345EA000D621BD /* Debug */ = {
			isa = XCBuildConfiguration;
			buildSettings = {
				INFOPLIST_FILE = "屏幕截取UITests/Info.plist";
				LD_RUNPATH_SEARCH_PATHS = "$(inherited) @executable_path/Frameworks @loader_path/Frameworks";
				PRODUCT_BUNDLE_IDENTIFIER = "----.----UITests";
				PRODUCT_NAME = "$(TARGET_NAME)";
				TEST_TARGET_NAME = "屏幕截取";
			};
			name = Debug;
		};
		BDF9DBFD1E345EA000D621BD /* Release */ = {
			isa = XCBuildConfiguration;
			buildSettings = {
				INFOPLIST_FILE = "屏幕截取UITests/Info.plist";
				LD_RUNPATH_SEARCH_PATHS = "$(inherited) @executable_path/Frameworks @loader_path/Frameworks";
				PRODUCT_BUNDLE_IDENTIFIER = "----.----UITests";
				PRODUCT_NAME = "$(TARGET_NAME)";
				TEST_TARGET_NAME = "屏幕截取";
			};
			name = Release;
		};
/* End XCBuildConfiguration section */

/* Begin XCConfigurationList section */
		BDF9DBC31E345E9F00D621BD /* Build configuration list for PBXProject "屏幕截取" */ = {
			isa = XCConfigurationList;
			buildConfigurations = (
				BDF9DBF31E345EA000D621BD /* Debug */,
				BDF9DBF41E345EA000D621BD /* Release */,
			);
			defaultConfigurationIsVisible = 0;
			defaultConfigurationName = Release;
		};
		BDF9DBF51E345EA000D621BD /* Build configuration list for PBXNativeTarget "屏幕截取" */ = {
			isa = XCConfigurationList;
			buildConfigurations = (
				BDF9DBF61E345EA000D621BD /* Debug */,
				BDF9DBF71E345EA000D621BD /* Release */,
			);
			defaultConfigurationIsVisible = 0;
		};
		BDF9DBF81E345EA000D621BD /* Build configuration list for PBXNativeTarget "屏幕截取Tests" */ = {
			isa = XCConfigurationList;
			buildConfigurations = (
				BDF9DBF91E345EA000D621BD /* Debug */,
				BDF9DBFA1E345EA000D621BD /* Release */,
			);
			defaultConfigurationIsVisible = 0;
		};
		BDF9DBFB1E345EA000D621BD /* Build configuration list for PBXNativeTarget "屏幕截取UITests" */ = {
			isa = XCConfigurationList;
			buildConfigurations = (
				BDF9DBFC1E345EA000D621BD /* Debug */,
				BDF9DBFD1E345EA000D621BD /* Release */,
			);
			defaultConfigurationIsVisible = 0;
		};
/* End XCConfigurationList section */
	};
	rootObject = BDF9DBC01E345E9F00D621BD /* Project object */;
}
